{
  "object": {
    "pins": [
      {
        "package": "storyteller-sdk-package",
        "repositoryURL": "https://github.com/getstoryteller/storyteller-sdk-swift-package.git",
        "state": {
          "branch": null,
          "revision": "d16a74e63ba2867ab684238116143b47c39103af",
          "version": "4.6.0"
        }
      }
    ]
  },
  "version": 1
}
