{
  "pins" : [
    {
      "identity" : "storyteller-sdk-swift-package",
      "kind" : "remoteSourceControl",
      "location" : "https://github.com/getstoryteller/storyteller-sdk-swift-package",
      "state" : {
        "revision" : "bd21c6900b963a524b971141a927ee736b6b6d7d",
        "version" : "8.4.0"
      }
    }
  ],
  "version" : 2
}
