{
  "pins" : [
    {
      "identity" : "storyteller-sdk-swift-package",
      "kind" : "remoteSourceControl",
      "location" : "https://github.com/getstoryteller/storyteller-sdk-swift-package",
      "state" : {
        "revision" : "c3d3970b0efbc37f443b1c0c3c3d1e26549409ff",
        "version" : "8.1.0"
      }
    }
  ],
  "version" : 2
}
