PODS:
  - Alamofire (4.8.2)
  - Amplitude-iOS (4.0.4)
  - DeepDiff (2.2.0)
  - PINCache (3.0.1-beta.6):
    - PINCache/Arc-exception-safe (= 3.0.1-beta.6)
    - PINCache/Core (= 3.0.1-beta.6)
  - PINCache/Arc-exception-safe (3.0.1-beta.6):
    - PINCache/Core
  - PINCache/Core (3.0.1-beta.6):
    - PINOperation (~> 1.1.0)
  - PINOperation (1.1.2)
  - PINRemoteImage/Core (3.0.0-beta.13):
    - PINOperation
  - PINRemoteImage/iOS (3.0.0-beta.13):
    - PINRemoteImage/Core
  - PINRemoteImage/PINCache (3.0.0-beta.13):
    - PINCache (= 3.0.1-beta.6)
    - PINRemoteImage/Core
  - RxCocoa (4.5.0):
    - RxSwift (>= 4.4.2, ~> 4.4)
  - RxSwift (4.5.0)
  - Storyteller (1.0.5):
    - Alamofire (~> 4.8.2)
    - Amplitude-iOS (~> 4.0.4)
    - DeepDiff (~> 2.2.0)
    - RxCocoa (~> 4.5.0)
    - RxSwift (~> 4.5.0)
    - Texture (~> 2.8.1)
  - Texture (2.8.1):
    - Texture/AssetsLibrary (= 2.8.1)
    - Texture/Core (= 2.8.1)
    - Texture/MapKit (= 2.8.1)
    - Texture/Photos (= 2.8.1)
    - Texture/PINRemoteImage (= 2.8.1)
    - Texture/Video (= 2.8.1)
  - Texture/AssetsLibrary (2.8.1):
    - Texture/Core
  - Texture/Core (2.8.1)
  - Texture/MapKit (2.8.1):
    - Texture/Core
  - Texture/Photos (2.8.1):
    - Texture/Core
  - Texture/PINRemoteImage (2.8.1):
    - PINRemoteImage/iOS (= 3.0.0-beta.13)
    - PINRemoteImage/PINCache
    - Texture/Core
  - Texture/Video (2.8.1):
    - Texture/Core

DEPENDENCIES:
  - Storyteller

SPEC REPOS:
  "https://74fb587c8e8b6e94552e80801d37f6ed1beab648@github.com/stormideas/storyteller-sdk-podspec.git":
    - Storyteller
  https://github.com/CocoaPods/Specs.git:
    - Alamofire
    - Amplitude-iOS
    - DeepDiff
    - PINCache
    - PINOperation
    - PINRemoteImage
    - RxCocoa
    - RxSwift
    - Texture

SPEC CHECKSUMS:
  Alamofire: ae5c501addb7afdbb13687d7f2f722c78734c2d3
  Amplitude-iOS: 2ad4d7270c99186236c1272a3a9425463b1ae1a7
  DeepDiff: e329bc46dd14ca788d8ec08d34420799ba1d77f2
  PINCache: d195fdba255283f7e9900a55e3cced377f431f9b
  PINOperation: 24b774353ca248fcf87d67b2d61eef42087c125a
  PINRemoteImage: d6d51c5d2adda55f1ce30c96e850b6c4ebd2856a
  RxCocoa: cbf70265dc65a981d4ac982e513c10cf23df24a0
  RxSwift: f172070dfd1a93d70a9ab97a5a01166206e1c575
  Storyteller: ffdb0612983136220e3a81af46cfa689f2ae1adc
  Texture: 8ecf6984065a1e54f06bf97b349ecca28582acd7

PODFILE CHECKSUM: 65ff201c7356cd1ee0750d3a0dd74a2a9ad6641a

COCOAPODS: 1.8.4
