{
  "originHash" : "574037c90c73e565325872dc45e364b0c408de69436b5bacd80582b24ba76663",
  "pins" : [
    {
      "identity" : "amplitude-ios",
      "kind" : "remoteSourceControl",
      "location" : "https://github.com/amplitude/Amplitude-iOS",
      "state" : {
        "branch" : "main",
        "revision" : "bfdec453a31fd35942a619ef472fcf2f09e2313a"
      }
    },
    {
      "identity" : "analytics-connector-ios",
      "kind" : "remoteSourceControl",
      "location" : "https://github.com/amplitude/analytics-connector-ios.git",
      "state" : {
        "revision" : "e2ca17ac735bcbc48b13062484541702ef45153d",
        "version" : "1.0.3"
      }
    },
    {
      "identity" : "storyteller-sdk-swift-package",
      "kind" : "remoteSourceControl",
      "location" : "https://github.com/getstoryteller/storyteller-sdk-swift-package",
      "state" : {
        "revision" : "573451b0cc5dd85f2e681c0024a19618fba0b42e",
        "version" : "10.3.1"
      }
    },
    {
      "identity" : "swift-package-manager-google-mobile-ads",
      "kind" : "remoteSourceControl",
      "location" : "https://github.com/googleads/swift-package-manager-google-mobile-ads",
      "state" : {
        "revision" : "746253bf8803826e4de14c9e619739733ea8fb3b",
        "version" : "11.5.0"
      }
    },
    {
      "identity" : "swift-package-manager-google-user-messaging-platform",
      "kind" : "remoteSourceControl",
      "location" : "https://github.com/googleads/swift-package-manager-google-user-messaging-platform.git",
      "state" : {
        "revision" : "9b68aa69fb508f0274853e226c734151a973c7b7",
        "version" : "2.4.0"
      }
    }
  ],
  "version" : 3
}
