// !$*UTF8*$!
{
	archiveVersion = 1;
	classes = {
	};
	objectVersion = 52;
	objects = {

/* Begin PBXBuildFile section */
		AEBB2EA425D35267000A9127 /* AppDelegate.swift in Sources */ = {isa = PBXBuildFile; fileRef = AEBB2EA225D35267000A9127 /* AppDelegate.swift */; };
		AF2329C1286E29840047AB98 /* StorytellerSDK.xcframework in Frameworks */ = {isa = PBXBuildFile; fileRef = AF2329C0286E29840047AB98 /* StorytellerSDK.xcframework */; };
		AF43A5A5297808650026F090 /* MainView.swift in Sources */ = {isa = PBXBuildFile; fileRef = AF43A59C297808650026F090 /* MainView.swift */; };
		AF43A5A6297808650026F090 /* StorytellerListDelegate.swift in Sources */ = {isa = PBXBuildFile; fileRef = AF43A59D297808650026F090 /* StorytellerListDelegate.swift */; };
		AF43A5A7297808650026F090 /* StorytellerMainDelegate.swift in Sources */ = {isa = PBXBuildFile; fileRef = AF43A59E297808650026F090 /* StorytellerMainDelegate.swift */; };
		AF43A5A9297808650026F090 /* MainViewModel.swift in Sources */ = {isa = PBXBuildFile; fileRef = AF43A5A0297808650026F090 /* MainViewModel.swift */; };
		AF43A5AA297808650026F090 /* MainViewController.swift in Sources */ = {isa = PBXBuildFile; fileRef = AF43A5A1297808650026F090 /* MainViewController.swift */; };
		AF43A5AB297808650026F090 /* StorytellerManager.swift in Sources */ = {isa = PBXBuildFile; fileRef = AF43A5A2297808650026F090 /* StorytellerManager.swift */; };
		AF43A5AC297808650026F090 /* MainFlowController.swift in Sources */ = {isa = PBXBuildFile; fileRef = AF43A5A3297808650026F090 /* MainFlowController.swift */; };
		AF43A5AD297808650026F090 /* UIViewController.swift in Sources */ = {isa = PBXBuildFile; fileRef = AF43A5A4297808650026F090 /* UIViewController.swift */; };
		AF5BBF14297A8EA700BD433E /* StoriesRowView.swift in Sources */ = {isa = PBXBuildFile; fileRef = AF5BBF12297A8EA700BD433E /* StoriesRowView.swift */; };
		AF5BBF15297A8EA700BD433E /* SwiftUIView.swift in Sources */ = {isa = PBXBuildFile; fileRef = AF5BBF13297A8EA700BD433E /* SwiftUIView.swift */; };
		AF5BBF5B2982D44400BD433E /* StoryboardExample.storyboard in Resources */ = {isa = PBXBuildFile; fileRef = AF5BBF592982D44400BD433E /* StoryboardExample.storyboard */; };
		AF5BBF632982D45700BD433E /* StoriesRowCell.swift in Sources */ = {isa = PBXBuildFile; fileRef = AF5BBF5C2982D45700BD433E /* StoriesRowCell.swift */; };
		AF5BBF642982D45700BD433E /* LabelCell.swift in Sources */ = {isa = PBXBuildFile; fileRef = AF5BBF5D2982D45700BD433E /* LabelCell.swift */; };
		AF5BBF652982D45700BD433E /* ClipsRowCell.swift in Sources */ = {isa = PBXBuildFile; fileRef = AF5BBF5E2982D45700BD433E /* ClipsRowCell.swift */; };
		AF5BBF662982D45700BD433E /* MultipleListsDataSource.swift in Sources */ = {isa = PBXBuildFile; fileRef = AF5BBF5F2982D45700BD433E /* MultipleListsDataSource.swift */; };
		AF5BBF672982D45700BD433E /* IndividualGridViewDelegate.swift in Sources */ = {isa = PBXBuildFile; fileRef = AF5BBF602982D45700BD433E /* IndividualGridViewDelegate.swift */; };
		AF5BBF682982D45700BD433E /* StoriesGridCell.swift in Sources */ = {isa = PBXBuildFile; fileRef = AF5BBF612982D45700BD433E /* StoriesGridCell.swift */; };
		AF5BBF692982D45700BD433E /* ClipsGridCell.swift in Sources */ = {isa = PBXBuildFile; fileRef = AF5BBF622982D45700BD433E /* ClipsGridCell.swift */; };
		AF5BBF6E2982D47200BD433E /* MultipleListsViewModel.swift in Sources */ = {isa = PBXBuildFile; fileRef = AF5BBF6B2982D47200BD433E /* MultipleListsViewModel.swift */; };
		AF5BBF6F2982D47200BD433E /* MultipleListsView.swift in Sources */ = {isa = PBXBuildFile; fileRef = AF5BBF6C2982D47200BD433E /* MultipleListsView.swift */; };
		AF5BBF722982D4A900BD433E /* StoryboardViewController.swift in Sources */ = {isa = PBXBuildFile; fileRef = AF5BBF712982D4A900BD433E /* StoryboardViewController.swift */; };
		AF5BBF762982D4CE00BD433E /* UIView.swift in Sources */ = {isa = PBXBuildFile; fileRef = AF5BBF742982D4CE00BD433E /* UIView.swift */; };
		AF5BBF772982D4CE00BD433E /* UITableView.swift in Sources */ = {isa = PBXBuildFile; fileRef = AF5BBF752982D4CE00BD433E /* UITableView.swift */; };
		AF5BBF792982D52B00BD433E /* MultipleListsViewController.swift in Sources */ = {isa = PBXBuildFile; fileRef = AF5BBF6D2982D47200BD433E /* MultipleListsViewController.swift */; };
		AF82187E2995446100DE31BE /* nanopb.xcframework in Frameworks */ = {isa = PBXBuildFile; fileRef = AF8218772995445F00DE31BE /* nanopb.xcframework */; };
		AF82187F2995446100DE31BE /* UserMessagingPlatform.xcframework in Frameworks */ = {isa = PBXBuildFile; fileRef = AF8218782995445F00DE31BE /* UserMessagingPlatform.xcframework */; };
		AF8218802995446100DE31BE /* GoogleUtilities.xcframework in Frameworks */ = {isa = PBXBuildFile; fileRef = AF8218792995445F00DE31BE /* GoogleUtilities.xcframework */; };
		AF8218812995446100DE31BE /* GoogleAppMeasurementIdentitySupport.xcframework in Frameworks */ = {isa = PBXBuildFile; fileRef = AF82187A2995445F00DE31BE /* GoogleAppMeasurementIdentitySupport.xcframework */; };
		AF8218822995446100DE31BE /* GoogleMobileAds.xcframework in Frameworks */ = {isa = PBXBuildFile; fileRef = AF82187B2995446000DE31BE /* GoogleMobileAds.xcframework */; };
		AF8218832995446100DE31BE /* PromisesObjC.xcframework in Frameworks */ = {isa = PBXBuildFile; fileRef = AF82187C2995446000DE31BE /* PromisesObjC.xcframework */; };
		AF8218842995446100DE31BE /* GoogleAppMeasurement.xcframework in Frameworks */ = {isa = PBXBuildFile; fileRef = AF82187D2995446100DE31BE /* GoogleAppMeasurement.xcframework */; };
		AF82188A299544AB00DE31BE /* StorytellerAdsDelegate.swift in Sources */ = {isa = PBXBuildFile; fileRef = AF821885299544AB00DE31BE /* StorytellerAdsDelegate.swift */; };
		AF82188B299544AB00DE31BE /* TrackingManager.swift in Sources */ = {isa = PBXBuildFile; fileRef = AF821886299544AB00DE31BE /* TrackingManager.swift */; };
		AF82188C299544AB00DE31BE /* NativeAdsRequest.swift in Sources */ = {isa = PBXBuildFile; fileRef = AF821887299544AB00DE31BE /* NativeAdsRequest.swift */; };
		AF82188D299544AB00DE31BE /* Constants.swift in Sources */ = {isa = PBXBuildFile; fileRef = AF821888299544AB00DE31BE /* Constants.swift */; };
		AF82188E299544AB00DE31BE /* AdManager.swift in Sources */ = {isa = PBXBuildFile; fileRef = AF821889299544AB00DE31BE /* AdManager.swift */; };
		B8E4427E23F2E32E0093A423 /* Assets.xcassets in Resources */ = {isa = PBXBuildFile; fileRef = B8E4427D23F2E32E0093A423 /* Assets.xcassets */; };
		B8E4428123F2E32E0093A423 /* LaunchScreen.storyboard in Resources */ = {isa = PBXBuildFile; fileRef = B8E4427F23F2E32E0093A423 /* LaunchScreen.storyboard */; };
/* End PBXBuildFile section */

/* Begin PBXCopyFilesBuildPhase section */
		AE3D832B247677D40020801C /* Embed Frameworks */ = {
			isa = PBXCopyFilesBuildPhase;
			buildActionMask = 2147483647;
			dstPath = "";
			dstSubfolderSpec = 10;
			files = (
			);
			name = "Embed Frameworks";
			runOnlyForDeploymentPostprocessing = 0;
		};
/* End PBXCopyFilesBuildPhase section */

/* Begin PBXFileReference section */
		AEBB2EA225D35267000A9127 /* AppDelegate.swift */ = {isa = PBXFileReference; fileEncoding = 4; lastKnownFileType = sourcecode.swift; name = AppDelegate.swift; path = ../../Shared/AppDelegate.swift; sourceTree = "<group>"; };
		AF2329C0286E29840047AB98 /* StorytellerSDK.xcframework */ = {isa = PBXFileReference; lastKnownFileType = wrapper.xcframework; path = StorytellerSDK.xcframework; sourceTree = "<group>"; };
		AF43A59C297808650026F090 /* MainView.swift */ = {isa = PBXFileReference; lastKnownFileType = sourcecode.swift; path = MainView.swift; sourceTree = "<group>"; };
		AF43A59D297808650026F090 /* StorytellerListDelegate.swift */ = {isa = PBXFileReference; lastKnownFileType = sourcecode.swift; path = StorytellerListDelegate.swift; sourceTree = "<group>"; };
		AF43A59E297808650026F090 /* StorytellerMainDelegate.swift */ = {isa = PBXFileReference; lastKnownFileType = sourcecode.swift; path = StorytellerMainDelegate.swift; sourceTree = "<group>"; };
		AF43A5A0297808650026F090 /* MainViewModel.swift */ = {isa = PBXFileReference; lastKnownFileType = sourcecode.swift; path = MainViewModel.swift; sourceTree = "<group>"; };
		AF43A5A1297808650026F090 /* MainViewController.swift */ = {isa = PBXFileReference; lastKnownFileType = sourcecode.swift; path = MainViewController.swift; sourceTree = "<group>"; };
		AF43A5A2297808650026F090 /* StorytellerManager.swift */ = {isa = PBXFileReference; lastKnownFileType = sourcecode.swift; path = StorytellerManager.swift; sourceTree = "<group>"; };
		AF43A5A3297808650026F090 /* MainFlowController.swift */ = {isa = PBXFileReference; lastKnownFileType = sourcecode.swift; name = MainFlowController.swift; path = ../../Shared/MainFlowController.swift; sourceTree = "<group>"; };
		AF43A5A4297808650026F090 /* UIViewController.swift */ = {isa = PBXFileReference; lastKnownFileType = sourcecode.swift; name = UIViewController.swift; path = ../Shared/Extension/UIViewController.swift; sourceTree = "<group>"; };
		AF5BBF12297A8EA700BD433E /* StoriesRowView.swift */ = {isa = PBXFileReference; fileEncoding = 4; lastKnownFileType = sourcecode.swift; path = StoriesRowView.swift; sourceTree = "<group>"; };
		AF5BBF13297A8EA700BD433E /* SwiftUIView.swift */ = {isa = PBXFileReference; fileEncoding = 4; lastKnownFileType = sourcecode.swift; path = SwiftUIView.swift; sourceTree = "<group>"; };
		AF5BBF5A2982D44400BD433E /* Base */ = {isa = PBXFileReference; lastKnownFileType = file.storyboard; name = Base; path = ../Shared/StoryboardExample/Base.lproj/StoryboardExample.storyboard; sourceTree = "<group>"; };
		AF5BBF5C2982D45700BD433E /* StoriesRowCell.swift */ = {isa = PBXFileReference; lastKnownFileType = sourcecode.swift; name = StoriesRowCell.swift; path = ../Shared/MultipleLists/TableView/StoriesRowCell.swift; sourceTree = "<group>"; };
		AF5BBF5D2982D45700BD433E /* LabelCell.swift */ = {isa = PBXFileReference; lastKnownFileType = sourcecode.swift; name = LabelCell.swift; path = ../Shared/MultipleLists/TableView/LabelCell.swift; sourceTree = "<group>"; };
		AF5BBF5E2982D45700BD433E /* ClipsRowCell.swift */ = {isa = PBXFileReference; lastKnownFileType = sourcecode.swift; name = ClipsRowCell.swift; path = ../Shared/MultipleLists/TableView/ClipsRowCell.swift; sourceTree = "<group>"; };
		AF5BBF5F2982D45700BD433E /* MultipleListsDataSource.swift */ = {isa = PBXFileReference; lastKnownFileType = sourcecode.swift; name = MultipleListsDataSource.swift; path = ../Shared/MultipleLists/TableView/MultipleListsDataSource.swift; sourceTree = "<group>"; };
		AF5BBF602982D45700BD433E /* IndividualGridViewDelegate.swift */ = {isa = PBXFileReference; lastKnownFileType = sourcecode.swift; name = IndividualGridViewDelegate.swift; path = ../Shared/MultipleLists/TableView/IndividualGridViewDelegate.swift; sourceTree = "<group>"; };
		AF5BBF612982D45700BD433E /* StoriesGridCell.swift */ = {isa = PBXFileReference; lastKnownFileType = sourcecode.swift; name = StoriesGridCell.swift; path = ../Shared/MultipleLists/TableView/StoriesGridCell.swift; sourceTree = "<group>"; };
		AF5BBF622982D45700BD433E /* ClipsGridCell.swift */ = {isa = PBXFileReference; lastKnownFileType = sourcecode.swift; name = ClipsGridCell.swift; path = ../Shared/MultipleLists/TableView/ClipsGridCell.swift; sourceTree = "<group>"; };
		AF5BBF6B2982D47200BD433E /* MultipleListsViewModel.swift */ = {isa = PBXFileReference; lastKnownFileType = sourcecode.swift; name = MultipleListsViewModel.swift; path = ../Shared/MultipleLists/MultipleListsViewModel.swift; sourceTree = "<group>"; };
		AF5BBF6C2982D47200BD433E /* MultipleListsView.swift */ = {isa = PBXFileReference; lastKnownFileType = sourcecode.swift; name = MultipleListsView.swift; path = ../Shared/MultipleLists/MultipleListsView.swift; sourceTree = "<group>"; };
		AF5BBF6D2982D47200BD433E /* MultipleListsViewController.swift */ = {isa = PBXFileReference; lastKnownFileType = sourcecode.swift; name = MultipleListsViewController.swift; path = ../Shared/MultipleLists/MultipleListsViewController.swift; sourceTree = "<group>"; };
		AF5BBF712982D4A900BD433E /* StoryboardViewController.swift */ = {isa = PBXFileReference; lastKnownFileType = sourcecode.swift; name = StoryboardViewController.swift; path = ../Shared/StoryboardExample/StoryboardViewController.swift; sourceTree = "<group>"; };
		AF5BBF742982D4CE00BD433E /* UIView.swift */ = {isa = PBXFileReference; lastKnownFileType = sourcecode.swift; name = UIView.swift; path = ../Shared/Extension/UIView.swift; sourceTree = "<group>"; };
		AF5BBF752982D4CE00BD433E /* UITableView.swift */ = {isa = PBXFileReference; lastKnownFileType = sourcecode.swift; name = UITableView.swift; path = ../Shared/Extension/UITableView.swift; sourceTree = "<group>"; };
		AF8218772995445F00DE31BE /* nanopb.xcframework */ = {isa = PBXFileReference; lastKnownFileType = wrapper.xcframework; path = nanopb.xcframework; sourceTree = "<group>"; };
		AF8218782995445F00DE31BE /* UserMessagingPlatform.xcframework */ = {isa = PBXFileReference; lastKnownFileType = wrapper.xcframework; path = UserMessagingPlatform.xcframework; sourceTree = "<group>"; };
		AF8218792995445F00DE31BE /* GoogleUtilities.xcframework */ = {isa = PBXFileReference; lastKnownFileType = wrapper.xcframework; path = GoogleUtilities.xcframework; sourceTree = "<group>"; };
		AF82187A2995445F00DE31BE /* GoogleAppMeasurementIdentitySupport.xcframework */ = {isa = PBXFileReference; lastKnownFileType = wrapper.xcframework; path = GoogleAppMeasurementIdentitySupport.xcframework; sourceTree = "<group>"; };
		AF82187B2995446000DE31BE /* GoogleMobileAds.xcframework */ = {isa = PBXFileReference; lastKnownFileType = wrapper.xcframework; path = GoogleMobileAds.xcframework; sourceTree = "<group>"; };
		AF82187C2995446000DE31BE /* PromisesObjC.xcframework */ = {isa = PBXFileReference; lastKnownFileType = wrapper.xcframework; path = PromisesObjC.xcframework; sourceTree = "<group>"; };
		AF82187D2995446100DE31BE /* GoogleAppMeasurement.xcframework */ = {isa = PBXFileReference; lastKnownFileType = wrapper.xcframework; path = GoogleAppMeasurement.xcframework; sourceTree = "<group>"; };
		AF821885299544AB00DE31BE /* StorytellerAdsDelegate.swift */ = {isa = PBXFileReference; fileEncoding = 4; lastKnownFileType = sourcecode.swift; name = StorytellerAdsDelegate.swift; path = ../Shared/Ads/StorytellerAdsDelegate.swift; sourceTree = "<group>"; };
		AF821886299544AB00DE31BE /* TrackingManager.swift */ = {isa = PBXFileReference; fileEncoding = 4; lastKnownFileType = sourcecode.swift; name = TrackingManager.swift; path = ../Shared/Ads/TrackingManager.swift; sourceTree = "<group>"; };
		AF821887299544AB00DE31BE /* NativeAdsRequest.swift */ = {isa = PBXFileReference; fileEncoding = 4; lastKnownFileType = sourcecode.swift; name = NativeAdsRequest.swift; path = ../Shared/Ads/NativeAdsRequest.swift; sourceTree = "<group>"; };
		AF821888299544AB00DE31BE /* Constants.swift */ = {isa = PBXFileReference; fileEncoding = 4; lastKnownFileType = sourcecode.swift; name = Constants.swift; path = ../Shared/Ads/Constants.swift; sourceTree = "<group>"; };
		AF821889299544AB00DE31BE /* AdManager.swift */ = {isa = PBXFileReference; fileEncoding = 4; lastKnownFileType = sourcecode.swift; name = AdManager.swift; path = ../Shared/Ads/AdManager.swift; sourceTree = "<group>"; };
		B8E4427123F2E32E0093A423 /* StorytellerSampleApp.app */ = {isa = PBXFileReference; explicitFileType = wrapper.application; includeInIndex = 0; path = StorytellerSampleApp.app; sourceTree = BUILT_PRODUCTS_DIR; };
		B8E4427D23F2E32E0093A423 /* Assets.xcassets */ = {isa = PBXFileReference; lastKnownFileType = folder.assetcatalog; path = Assets.xcassets; sourceTree = "<group>"; };
		B8E4428023F2E32E0093A423 /* Base */ = {isa = PBXFileReference; lastKnownFileType = file.storyboard; name = Base; path = Base.lproj/LaunchScreen.storyboard; sourceTree = "<group>"; };
		B8E4428223F2E32E0093A423 /* Info.plist */ = {isa = PBXFileReference; lastKnownFileType = text.plist.xml; path = Info.plist; sourceTree = "<group>"; };
/* End PBXFileReference section */

/* Begin PBXFrameworksBuildPhase section */
		B8E4426E23F2E32E0093A423 /* Frameworks */ = {
			isa = PBXFrameworksBuildPhase;
			buildActionMask = 2147483647;
			files = (
				AF2329C1286E29840047AB98 /* StorytellerSDK.xcframework in Frameworks */,
				AF8218822995446100DE31BE /* GoogleMobileAds.xcframework in Frameworks */,
				AF8218812995446100DE31BE /* GoogleAppMeasurementIdentitySupport.xcframework in Frameworks */,
				AF8218832995446100DE31BE /* PromisesObjC.xcframework in Frameworks */,
				AF82187F2995446100DE31BE /* UserMessagingPlatform.xcframework in Frameworks */,
				AF82187E2995446100DE31BE /* nanopb.xcframework in Frameworks */,
				AF8218842995446100DE31BE /* GoogleAppMeasurement.xcframework in Frameworks */,
				AF8218802995446100DE31BE /* GoogleUtilities.xcframework in Frameworks */,
			);
			runOnlyForDeploymentPostprocessing = 0;
		};
/* End PBXFrameworksBuildPhase section */

/* Begin PBXGroup section */
		AE119DE4247566850092DC66 /* Libraries */ = {
			isa = PBXGroup;
			children = (
				AF2329C0286E29840047AB98 /* StorytellerSDK.xcframework */,
				AF82187D2995446100DE31BE /* GoogleAppMeasurement.xcframework */,
				AF82187A2995445F00DE31BE /* GoogleAppMeasurementIdentitySupport.xcframework */,
				AF82187B2995446000DE31BE /* GoogleMobileAds.xcframework */,
				AF8218792995445F00DE31BE /* GoogleUtilities.xcframework */,
				AF8218772995445F00DE31BE /* nanopb.xcframework */,
				AF82187C2995446000DE31BE /* PromisesObjC.xcframework */,
				AF8218782995445F00DE31BE /* UserMessagingPlatform.xcframework */,
			);
			path = Libraries;
			sourceTree = "<group>";
		};
		AF43A5AE297808890026F090 /* MainViewController */ = {
			isa = PBXGroup;
			children = (
				AF43A5A0297808650026F090 /* MainViewModel.swift */,
				AF43A59C297808650026F090 /* MainView.swift */,
				AF43A5A1297808650026F090 /* MainViewController.swift */,
			);
			name = MainViewController;
			path = ../../Shared/MainVC;
			sourceTree = "<group>";
		};
		AF43A5B0297809A60026F090 /* Managers */ = {
			isa = PBXGroup;
			children = (
				AF43A59E297808650026F090 /* StorytellerMainDelegate.swift */,
				AF43A5A2297808650026F090 /* StorytellerManager.swift */,
				AF43A59D297808650026F090 /* StorytellerListDelegate.swift */,
			);
			name = Managers;
			path = ../../Shared/Managers;
			sourceTree = "<group>";
		};
		AF5BBF16297A8EAD00BD433E /* SwiftUI */ = {
			isa = PBXGroup;
			children = (
				AF5BBF12297A8EA700BD433E /* StoriesRowView.swift */,
				AF5BBF13297A8EA700BD433E /* SwiftUIView.swift */,
			);
			name = SwiftUI;
			path = ../../Shared/SwiftUI;
			sourceTree = "<group>";
		};
		AF5BBF6A2982D45B00BD433E /* TableView */ = {
			isa = PBXGroup;
			children = (
				AF5BBF622982D45700BD433E /* ClipsGridCell.swift */,
				AF5BBF5E2982D45700BD433E /* ClipsRowCell.swift */,
				AF5BBF602982D45700BD433E /* IndividualGridViewDelegate.swift */,
				AF5BBF5D2982D45700BD433E /* LabelCell.swift */,
				AF5BBF5F2982D45700BD433E /* MultipleListsDataSource.swift */,
				AF5BBF612982D45700BD433E /* StoriesGridCell.swift */,
				AF5BBF5C2982D45700BD433E /* StoriesRowCell.swift */,
			);
			name = TableView;
			sourceTree = "<group>";
		};
		AF5BBF702982D47C00BD433E /* MultipleLists */ = {
			isa = PBXGroup;
			children = (
				AF5BBF6C2982D47200BD433E /* MultipleListsView.swift */,
				AF5BBF6D2982D47200BD433E /* MultipleListsViewController.swift */,
				AF5BBF6B2982D47200BD433E /* MultipleListsViewModel.swift */,
				AF5BBF6A2982D45B00BD433E /* TableView */,
			);
			name = MultipleLists;
			path = ..;
			sourceTree = "<group>";
		};
		AF5BBF732982D4AC00BD433E /* StoryboardExample */ = {
			isa = PBXGroup;
			children = (
				AF5BBF712982D4A900BD433E /* StoryboardViewController.swift */,
			);
			name = StoryboardExample;
			path = ..;
			sourceTree = "<group>";
		};
		AF5BBF782982D4DE00BD433E /* Extensions */ = {
			isa = PBXGroup;
			children = (
				AF43A5A4297808650026F090 /* UIViewController.swift */,
				AF5BBF752982D4CE00BD433E /* UITableView.swift */,
				AF5BBF742982D4CE00BD433E /* UIView.swift */,
			);
			name = Extensions;
			path = ..;
			sourceTree = "<group>";
		};
		AF82188F299544AF00DE31BE /* Ads */ = {
			isa = PBXGroup;
			children = (
				AF821889299544AB00DE31BE /* AdManager.swift */,
				AF821888299544AB00DE31BE /* Constants.swift */,
				AF821887299544AB00DE31BE /* NativeAdsRequest.swift */,
				AF821886299544AB00DE31BE /* TrackingManager.swift */,
				AF821885299544AB00DE31BE /* StorytellerAdsDelegate.swift */,
			);
			name = Ads;
			path = ..;
			sourceTree = "<group>";
		};
		B871CF7323F6D48E00FAF2B3 /* Frameworks */ = {
			isa = PBXGroup;
			children = (
			);
			name = Frameworks;
			sourceTree = "<group>";
		};
		B8E4426823F2E32D0093A423 = {
			isa = PBXGroup;
			children = (
				AF5BBF592982D44400BD433E /* StoryboardExample.storyboard */,
				B8E4427323F2E32E0093A423 /* StorytellerSampleApp */,
				B8E4427223F2E32E0093A423 /* Products */,
				B871CF7323F6D48E00FAF2B3 /* Frameworks */,
			);
			sourceTree = "<group>";
		};
		B8E4427223F2E32E0093A423 /* Products */ = {
			isa = PBXGroup;
			children = (
				B8E4427123F2E32E0093A423 /* StorytellerSampleApp.app */,
			);
			name = Products;
			sourceTree = "<group>";
		};
		B8E4427323F2E32E0093A423 /* StorytellerSampleApp */ = {
			isa = PBXGroup;
			children = (
				AF82188F299544AF00DE31BE /* Ads */,
				AF5BBF732982D4AC00BD433E /* StoryboardExample */,
				AF5BBF702982D47C00BD433E /* MultipleLists */,
				AE119DE4247566850092DC66 /* Libraries */,
				AEBB2EA225D35267000A9127 /* AppDelegate.swift */,
				AF43A5A3297808650026F090 /* MainFlowController.swift */,
				AF5BBF16297A8EAD00BD433E /* SwiftUI */,
				AF43A5AE297808890026F090 /* MainViewController */,
				AF5BBF782982D4DE00BD433E /* Extensions */,
				AF43A5B0297809A60026F090 /* Managers */,
				B8E4427D23F2E32E0093A423 /* Assets.xcassets */,
				B8E4427F23F2E32E0093A423 /* LaunchScreen.storyboard */,
				B8E4428223F2E32E0093A423 /* Info.plist */,
			);
			path = StorytellerSampleApp;
			sourceTree = "<group>";
		};
/* End PBXGroup section */

/* Begin PBXNativeTarget section */
		B8E4427023F2E32E0093A423 /* StorytellerSampleApp */ = {
			isa = PBXNativeTarget;
			buildConfigurationList = B8E4428523F2E32E0093A423 /* Build configuration list for PBXNativeTarget "StorytellerSampleApp" */;
			buildPhases = (
				B8E4426D23F2E32E0093A423 /* Sources */,
				B8E4426E23F2E32E0093A423 /* Frameworks */,
				B8E4426F23F2E32E0093A423 /* Resources */,
				AE3D832B247677D40020801C /* Embed Frameworks */,
			);
			buildRules = (
			);
			dependencies = (
			);
			name = StorytellerSampleApp;
			productName = StorytellerSampleApp;
			productReference = B8E4427123F2E32E0093A423 /* StorytellerSampleApp.app */;
			productType = "com.apple.product-type.application";
		};
/* End PBXNativeTarget section */

/* Begin PBXProject section */
		B8E4426923F2E32D0093A423 /* Project object */ = {
			isa = PBXProject;
			attributes = {
				LastSwiftUpdateCheck = 1130;
				LastUpgradeCheck = 1130;
				ORGANIZATIONNAME = "Storm Ideas";
				TargetAttributes = {
					B8E4427023F2E32E0093A423 = {
						CreatedOnToolsVersion = 11.3.1;
						LastSwiftMigration = 1240;
					};
				};
			};
			buildConfigurationList = B8E4426C23F2E32D0093A423 /* Build configuration list for PBXProject "StorytellerSampleApp" */;
			compatibilityVersion = "Xcode 9.3";
			developmentRegion = en;
			hasScannedForEncodings = 0;
			knownRegions = (
				en,
				Base,
			);
			mainGroup = B8E4426823F2E32D0093A423;
			productRefGroup = B8E4427223F2E32E0093A423 /* Products */;
			projectDirPath = "";
			projectRoot = "";
			targets = (
				B8E4427023F2E32E0093A423 /* StorytellerSampleApp */,
			);
		};
/* End PBXProject section */

/* Begin PBXResourcesBuildPhase section */
		B8E4426F23F2E32E0093A423 /* Resources */ = {
			isa = PBXResourcesBuildPhase;
			buildActionMask = 2147483647;
			files = (
				AF5BBF5B2982D44400BD433E /* StoryboardExample.storyboard in Resources */,
				B8E4428123F2E32E0093A423 /* LaunchScreen.storyboard in Resources */,
				B8E4427E23F2E32E0093A423 /* Assets.xcassets in Resources */,
			);
			runOnlyForDeploymentPostprocessing = 0;
		};
/* End PBXResourcesBuildPhase section */

/* Begin PBXSourcesBuildPhase section */
		B8E4426D23F2E32E0093A423 /* Sources */ = {
			isa = PBXSourcesBuildPhase;
			buildActionMask = 2147483647;
			files = (
				AF5BBF762982D4CE00BD433E /* UIView.swift in Sources */,
				AF82188E299544AB00DE31BE /* AdManager.swift in Sources */,
				AF5BBF772982D4CE00BD433E /* UITableView.swift in Sources */,
				AF5BBF722982D4A900BD433E /* StoryboardViewController.swift in Sources */,
				AF5BBF6E2982D47200BD433E /* MultipleListsViewModel.swift in Sources */,
				AF5BBF6F2982D47200BD433E /* MultipleListsView.swift in Sources */,
				AF5BBF632982D45700BD433E /* StoriesRowCell.swift in Sources */,
				AF5BBF642982D45700BD433E /* LabelCell.swift in Sources */,
				AF5BBF652982D45700BD433E /* ClipsRowCell.swift in Sources */,
				AF5BBF662982D45700BD433E /* MultipleListsDataSource.swift in Sources */,
				AF5BBF672982D45700BD433E /* IndividualGridViewDelegate.swift in Sources */,
				AF5BBF682982D45700BD433E /* StoriesGridCell.swift in Sources */,
				AF82188D299544AB00DE31BE /* Constants.swift in Sources */,
				AF82188A299544AB00DE31BE /* StorytellerAdsDelegate.swift in Sources */,
				AF82188B299544AB00DE31BE /* TrackingManager.swift in Sources */,
				AF5BBF692982D45700BD433E /* ClipsGridCell.swift in Sources */,
				AF43A5A5297808650026F090 /* MainView.swift in Sources */,
				AF43A5A6297808650026F090 /* StorytellerListDelegate.swift in Sources */,
				AF5BBF15297A8EA700BD433E /* SwiftUIView.swift in Sources */,
				AF43A5A7297808650026F090 /* StorytellerMainDelegate.swift in Sources */,
				AF5BBF14297A8EA700BD433E /* StoriesRowView.swift in Sources */,
				AF82188C299544AB00DE31BE /* NativeAdsRequest.swift in Sources */,
				AF43A5A9297808650026F090 /* MainViewModel.swift in Sources */,
				AF5BBF792982D52B00BD433E /* MultipleListsViewController.swift in Sources */,
				AF43A5AA297808650026F090 /* MainViewController.swift in Sources */,
				AF43A5AB297808650026F090 /* StorytellerManager.swift in Sources */,
				AF43A5AC297808650026F090 /* MainFlowController.swift in Sources */,
				AF43A5AD297808650026F090 /* UIViewController.swift in Sources */,
				AEBB2EA425D35267000A9127 /* AppDelegate.swift in Sources */,
			);
			runOnlyForDeploymentPostprocessing = 0;
		};
/* End PBXSourcesBuildPhase section */

/* Begin PBXVariantGroup section */
		AF5BBF592982D44400BD433E /* StoryboardExample.storyboard */ = {
			isa = PBXVariantGroup;
			children = (
				AF5BBF5A2982D44400BD433E /* Base */,
			);
			name = StoryboardExample.storyboard;
			sourceTree = "<group>";
		};
		B8E4427F23F2E32E0093A423 /* LaunchScreen.storyboard */ = {
			isa = PBXVariantGroup;
			children = (
				B8E4428023F2E32E0093A423 /* Base */,
			);
			name = LaunchScreen.storyboard;
			path = ../../Shared;
			sourceTree = "<group>";
		};
/* End PBXVariantGroup section */

/* Begin XCBuildConfiguration section */
		B8E4428323F2E32E0093A423 /* Debug */ = {
			isa = XCBuildConfiguration;
			buildSettings = {
				ALWAYS_SEARCH_USER_PATHS = NO;
				CLANG_ANALYZER_NONNULL = YES;
				CLANG_ANALYZER_NUMBER_OBJECT_CONVERSION = YES_AGGRESSIVE;
				CLANG_CXX_LANGUAGE_STANDARD = "gnu++14";
				CLANG_CXX_LIBRARY = "libc++";
				CLANG_ENABLE_MODULES = YES;
				CLANG_ENABLE_OBJC_ARC = YES;
				CLANG_ENABLE_OBJC_WEAK = YES;
				CLANG_WARN_BLOCK_CAPTURE_AUTORELEASING = YES;
				CLANG_WARN_BOOL_CONVERSION = YES;
				CLANG_WARN_COMMA = YES;
				CLANG_WARN_CONSTANT_CONVERSION = YES;
				CLANG_WARN_DEPRECATED_OBJC_IMPLEMENTATIONS = YES;
				CLANG_WARN_DIRECT_OBJC_ISA_USAGE = YES_ERROR;
				CLANG_WARN_DOCUMENTATION_COMMENTS = YES;
				CLANG_WARN_EMPTY_BODY = YES;
				CLANG_WARN_ENUM_CONVERSION = YES;
				CLANG_WARN_INFINITE_RECURSION = YES;
				CLANG_WARN_INT_CONVERSION = YES;
				CLANG_WARN_NON_LITERAL_NULL_CONVERSION = YES;
				CLANG_WARN_OBJC_IMPLICIT_RETAIN_SELF = YES;
				CLANG_WARN_OBJC_LITERAL_CONVERSION = YES;
				CLANG_WARN_OBJC_ROOT_CLASS = YES_ERROR;
				CLANG_WARN_RANGE_LOOP_ANALYSIS = YES;
				CLANG_WARN_STRICT_PROTOTYPES = YES;
				CLANG_WARN_SUSPICIOUS_MOVE = YES;
				CLANG_WARN_UNGUARDED_AVAILABILITY = YES_AGGRESSIVE;
				CLANG_WARN_UNREACHABLE_CODE = YES;
				CLANG_WARN__DUPLICATE_METHOD_MATCH = YES;
				COPY_PHASE_STRIP = NO;
				DEBUG_INFORMATION_FORMAT = dwarf;
				ENABLE_STRICT_OBJC_MSGSEND = YES;
				ENABLE_TESTABILITY = YES;
				GCC_C_LANGUAGE_STANDARD = gnu11;
				GCC_DYNAMIC_NO_PIC = NO;
				GCC_NO_COMMON_BLOCKS = YES;
				GCC_OPTIMIZATION_LEVEL = 0;
				GCC_PREPROCESSOR_DEFINITIONS = (
					"DEBUG=1",
					"$(inherited)",
				);
				GCC_WARN_64_TO_32_BIT_CONVERSION = YES;
				GCC_WARN_ABOUT_RETURN_TYPE = YES_ERROR;
				GCC_WARN_UNDECLARED_SELECTOR = YES;
				GCC_WARN_UNINITIALIZED_AUTOS = YES_AGGRESSIVE;
				GCC_WARN_UNUSED_FUNCTION = YES;
				GCC_WARN_UNUSED_VARIABLE = YES;
				IPHONEOS_DEPLOYMENT_TARGET = 9.0;
				MTL_ENABLE_DEBUG_INFO = INCLUDE_SOURCE;
				MTL_FAST_MATH = YES;
				ONLY_ACTIVE_ARCH = YES;
				SDKROOT = iphoneos;
				SWIFT_ACTIVE_COMPILATION_CONDITIONS = DEBUG;
				SWIFT_OPTIMIZATION_LEVEL = "-Onone";
			};
			name = Debug;
		};
		B8E4428423F2E32E0093A423 /* Release */ = {
			isa = XCBuildConfiguration;
			buildSettings = {
				ALWAYS_SEARCH_USER_PATHS = NO;
				CLANG_ANALYZER_NONNULL = YES;
				CLANG_ANALYZER_NUMBER_OBJECT_CONVERSION = YES_AGGRESSIVE;
				CLANG_CXX_LANGUAGE_STANDARD = "gnu++14";
				CLANG_CXX_LIBRARY = "libc++";
				CLANG_ENABLE_MODULES = YES;
				CLANG_ENABLE_OBJC_ARC = YES;
				CLANG_ENABLE_OBJC_WEAK = YES;
				CLANG_WARN_BLOCK_CAPTURE_AUTORELEASING = YES;
				CLANG_WARN_BOOL_CONVERSION = YES;
				CLANG_WARN_COMMA = YES;
				CLANG_WARN_CONSTANT_CONVERSION = YES;
				CLANG_WARN_DEPRECATED_OBJC_IMPLEMENTATIONS = YES;
				CLANG_WARN_DIRECT_OBJC_ISA_USAGE = YES_ERROR;
				CLANG_WARN_DOCUMENTATION_COMMENTS = YES;
				CLANG_WARN_EMPTY_BODY = YES;
				CLANG_WARN_ENUM_CONVERSION = YES;
				CLANG_WARN_INFINITE_RECURSION = YES;
				CLANG_WARN_INT_CONVERSION = YES;
				CLANG_WARN_NON_LITERAL_NULL_CONVERSION = YES;
				CLANG_WARN_OBJC_IMPLICIT_RETAIN_SELF = YES;
				CLANG_WARN_OBJC_LITERAL_CONVERSION = YES;
				CLANG_WARN_OBJC_ROOT_CLASS = YES_ERROR;
				CLANG_WARN_RANGE_LOOP_ANALYSIS = YES;
				CLANG_WARN_STRICT_PROTOTYPES = YES;
				CLANG_WARN_SUSPICIOUS_MOVE = YES;
				CLANG_WARN_UNGUARDED_AVAILABILITY = YES_AGGRESSIVE;
				CLANG_WARN_UNREACHABLE_CODE = YES;
				CLANG_WARN__DUPLICATE_METHOD_MATCH = YES;
				COPY_PHASE_STRIP = NO;
				DEBUG_INFORMATION_FORMAT = "dwarf-with-dsym";
				ENABLE_NS_ASSERTIONS = NO;
				ENABLE_STRICT_OBJC_MSGSEND = YES;
				GCC_C_LANGUAGE_STANDARD = gnu11;
				GCC_NO_COMMON_BLOCKS = YES;
				GCC_WARN_64_TO_32_BIT_CONVERSION = YES;
				GCC_WARN_ABOUT_RETURN_TYPE = YES_ERROR;
				GCC_WARN_UNDECLARED_SELECTOR = YES;
				GCC_WARN_UNINITIALIZED_AUTOS = YES_AGGRESSIVE;
				GCC_WARN_UNUSED_FUNCTION = YES;
				GCC_WARN_UNUSED_VARIABLE = YES;
				IPHONEOS_DEPLOYMENT_TARGET = 9.0;
				MTL_ENABLE_DEBUG_INFO = NO;
				MTL_FAST_MATH = YES;
				SDKROOT = iphoneos;
				SWIFT_COMPILATION_MODE = wholemodule;
				SWIFT_OPTIMIZATION_LEVEL = "-O";
				VALIDATE_PRODUCT = YES;
			};
			name = Release;
		};
		B8E4428623F2E32E0093A423 /* Debug */ = {
			isa = XCBuildConfiguration;
			buildSettings = {
				ASSETCATALOG_COMPILER_APPICON_NAME = AppIcon;
				CLANG_ENABLE_MODULES = YES;
				CODE_SIGN_STYLE = Automatic;
				DEVELOPMENT_TEAM = BVDW6P765R;
				FRAMEWORK_SEARCH_PATHS = (
					"$(inherited)",
					"$(PROJECT_DIR)/Carthage/Build/iOS",
				);
				INFOPLIST_FILE = StorytellerSampleApp/Info.plist;
				IPHONEOS_DEPLOYMENT_TARGET = 15.0;
				LD_RUNPATH_SEARCH_PATHS = (
					"$(inherited)",
					"@executable_path/Frameworks",
				);
				OTHER_LDFLAGS = "-ObjC";
				PRODUCT_BUNDLE_IDENTIFIER = com.stormideas.StorytellerSampleApp;
				PRODUCT_NAME = StorytellerSampleApp;
				SWIFT_OPTIMIZATION_LEVEL = "-Onone";
				SWIFT_VERSION = 5.0;
				TARGETED_DEVICE_FAMILY = "1,2";
			};
			name = Debug;
		};
		B8E4428723F2E32E0093A423 /* Release */ = {
			isa = XCBuildConfiguration;
			buildSettings = {
				ASSETCATALOG_COMPILER_APPICON_NAME = AppIcon;
				CLANG_ENABLE_MODULES = YES;
				CODE_SIGN_STYLE = Automatic;
				DEVELOPMENT_TEAM = BVDW6P765R;
				FRAMEWORK_SEARCH_PATHS = (
					"$(inherited)",
					"$(PROJECT_DIR)/Carthage/Build/iOS",
				);
				INFOPLIST_FILE = StorytellerSampleApp/Info.plist;
				IPHONEOS_DEPLOYMENT_TARGET = 15.0;
				LD_RUNPATH_SEARCH_PATHS = (
					"$(inherited)",
					"@executable_path/Frameworks",
				);
				OTHER_LDFLAGS = "-ObjC";
				PRODUCT_BUNDLE_IDENTIFIER = com.stormideas.StorytellerSampleApp;
				PRODUCT_NAME = StorytellerSampleApp;
				SWIFT_VERSION = 5.0;
				TARGETED_DEVICE_FAMILY = "1,2";
			};
			name = Release;
		};
/* End XCBuildConfiguration section */

/* Begin XCConfigurationList section */
		B8E4426C23F2E32D0093A423 /* Build configuration list for PBXProject "StorytellerSampleApp" */ = {
			isa = XCConfigurationList;
			buildConfigurations = (
				B8E4428323F2E32E0093A423 /* Debug */,
				B8E4428423F2E32E0093A423 /* Release */,
			);
			defaultConfigurationIsVisible = 0;
			defaultConfigurationName = Release;
		};
		B8E4428523F2E32E0093A423 /* Build configuration list for PBXNativeTarget "StorytellerSampleApp" */ = {
			isa = XCConfigurationList;
			buildConfigurations = (
				B8E4428623F2E32E0093A423 /* Debug */,
				B8E4428723F2E32E0093A423 /* Release */,
			);
			defaultConfigurationIsVisible = 0;
			defaultConfigurationName = Release;
		};
/* End XCConfigurationList section */
	};
	rootObject = B8E4426923F2E32D0093A423 /* Project object */;
}
