// !$*UTF8*$!
{
	archiveVersion = 1;
	classes = {
	};
	objectVersion = 52;
	objects = {

/* Begin PBXBuildFile section */
		4EFA6447281ADCF600CE43FD /* StorytellerSDK in Frameworks */ = {isa = PBXBuildFile; productRef = 4EFA6446281ADCF600CE43FD /* StorytellerSDK */; };
		AEBB2EA425D35267000A9127 /* AppDelegate.swift in Sources */ = {isa = PBXBuildFile; fileRef = AEBB2EA225D35267000A9127 /* AppDelegate.swift */; };
		AEE669EE29D6F7A80027981F /* SwiftUIWrappers.swift in Sources */ = {isa = PBXBuildFile; fileRef = AEE669ED29D6F7A80027981F /* SwiftUIWrappers.swift */; };
		AF43A5872978061A0026F090 /* MainFlowController.swift in Sources */ = {isa = PBXBuildFile; fileRef = AF43A5862978061A0026F090 /* MainFlowController.swift */; };
		AF43A5902978065C0026F090 /* MainViewController.swift in Sources */ = {isa = PBXBuildFile; fileRef = AF43A5882978065C0026F090 /* MainViewController.swift */; };
		AF43A5912978065C0026F090 /* MainViewModel.swift in Sources */ = {isa = PBXBuildFile; fileRef = AF43A5892978065C0026F090 /* MainViewModel.swift */; };
		AF43A5922978065C0026F090 /* UIViewController.swift in Sources */ = {isa = PBXBuildFile; fileRef = AF43A58A2978065C0026F090 /* UIViewController.swift */; };
		AF43A5932978065C0026F090 /* MainView.swift in Sources */ = {isa = PBXBuildFile; fileRef = AF43A58B2978065C0026F090 /* MainView.swift */; };
		AF43A5942978065C0026F090 /* StorytellerMainDelegate.swift in Sources */ = {isa = PBXBuildFile; fileRef = AF43A58C2978065C0026F090 /* StorytellerMainDelegate.swift */; };
		AF43A5952978065C0026F090 /* StorytellerManager.swift in Sources */ = {isa = PBXBuildFile; fileRef = AF43A58D2978065C0026F090 /* StorytellerManager.swift */; };
		AF43A5972978065C0026F090 /* StorytellerListDelegate.swift in Sources */ = {isa = PBXBuildFile; fileRef = AF43A58F2978065C0026F090 /* StorytellerListDelegate.swift */; };
		AF5BBF10297A896A00BD433E /* SwiftUIView.swift in Sources */ = {isa = PBXBuildFile; fileRef = AF5BBF0D297A891600BD433E /* SwiftUIView.swift */; };
		AF5BBF412982D2A600BD433E /* ClipsGridCell.swift in Sources */ = {isa = PBXBuildFile; fileRef = AF5BBF3A2982D2A500BD433E /* ClipsGridCell.swift */; };
		AF5BBF422982D2A600BD433E /* StoriesGridCell.swift in Sources */ = {isa = PBXBuildFile; fileRef = AF5BBF3B2982D2A500BD433E /* StoriesGridCell.swift */; };
		AF5BBF432982D2A600BD433E /* ClipsRowCell.swift in Sources */ = {isa = PBXBuildFile; fileRef = AF5BBF3C2982D2A600BD433E /* ClipsRowCell.swift */; };
		AF5BBF442982D2A600BD433E /* StoriesRowCell.swift in Sources */ = {isa = PBXBuildFile; fileRef = AF5BBF3D2982D2A600BD433E /* StoriesRowCell.swift */; };
		AF5BBF452982D2A600BD433E /* MultipleListsDataSource.swift in Sources */ = {isa = PBXBuildFile; fileRef = AF5BBF3E2982D2A600BD433E /* MultipleListsDataSource.swift */; };
		AF5BBF462982D2A600BD433E /* LabelCell.swift in Sources */ = {isa = PBXBuildFile; fileRef = AF5BBF3F2982D2A600BD433E /* LabelCell.swift */; };
		AF5BBF4B2982D2D400BD433E /* MultipleListsView.swift in Sources */ = {isa = PBXBuildFile; fileRef = AF5BBF482982D2D400BD433E /* MultipleListsView.swift */; };
		AF5BBF4C2982D2D400BD433E /* MultipleListsViewModel.swift in Sources */ = {isa = PBXBuildFile; fileRef = AF5BBF4A2982D2D400BD433E /* MultipleListsViewModel.swift */; };
		AF5BBF502982D35900BD433E /* StoryboardExample.storyboard in Resources */ = {isa = PBXBuildFile; fileRef = AF5BBF4E2982D35900BD433E /* StoryboardExample.storyboard */; };
		AF5BBF532982D37500BD433E /* UIView.swift in Sources */ = {isa = PBXBuildFile; fileRef = AF5BBF512982D37500BD433E /* UIView.swift */; };
		AF5BBF542982D37500BD433E /* UITableView.swift in Sources */ = {isa = PBXBuildFile; fileRef = AF5BBF522982D37500BD433E /* UITableView.swift */; };
		AF5BBF562982D3B200BD433E /* StoryboardViewController.swift in Sources */ = {isa = PBXBuildFile; fileRef = AF5BBF552982D3B200BD433E /* StoryboardViewController.swift */; };
		AF5BBF582982D3D200BD433E /* MultipleListsViewController.swift in Sources */ = {isa = PBXBuildFile; fileRef = AF5BBF492982D2D400BD433E /* MultipleListsViewController.swift */; };
		AF82186E29953F5500DE31BE /* NativeAdsRequest.swift in Sources */ = {isa = PBXBuildFile; fileRef = AF82186929953F5500DE31BE /* NativeAdsRequest.swift */; };
		AF82186F29953F5500DE31BE /* Constants.swift in Sources */ = {isa = PBXBuildFile; fileRef = AF82186A29953F5500DE31BE /* Constants.swift */; };
		AF82187029953F5500DE31BE /* AdManager.swift in Sources */ = {isa = PBXBuildFile; fileRef = AF82186B29953F5500DE31BE /* AdManager.swift */; };
		AF82187129953F5500DE31BE /* StorytellerAdsDelegate.swift in Sources */ = {isa = PBXBuildFile; fileRef = AF82186C29953F5500DE31BE /* StorytellerAdsDelegate.swift */; };
		AF82187229953F5500DE31BE /* TrackingManager.swift in Sources */ = {isa = PBXBuildFile; fileRef = AF82186D29953F5500DE31BE /* TrackingManager.swift */; };
		AF8218762995408900DE31BE /* GoogleMobileAds in Frameworks */ = {isa = PBXBuildFile; productRef = AF8218752995408900DE31BE /* GoogleMobileAds */; };
		B8E4427E23F2E32E0093A423 /* Assets.xcassets in Resources */ = {isa = PBXBuildFile; fileRef = B8E4427D23F2E32E0093A423 /* Assets.xcassets */; };
		B8E4428123F2E32E0093A423 /* LaunchScreen.storyboard in Resources */ = {isa = PBXBuildFile; fileRef = B8E4427F23F2E32E0093A423 /* LaunchScreen.storyboard */; };
		DC4A8CF429C9E93900DE026D /* StorytellerThemes.swift in Sources */ = {isa = PBXBuildFile; fileRef = DC4A8CF329C9E93900DE026D /* StorytellerThemes.swift */; };
/* End PBXBuildFile section */

/* Begin PBXCopyFilesBuildPhase section */
		AE3D832B247677D40020801C /* Embed Frameworks */ = {
			isa = PBXCopyFilesBuildPhase;
			buildActionMask = 2147483647;
			dstPath = "";
			dstSubfolderSpec = 10;
			files = (
			);
			name = "Embed Frameworks";
			runOnlyForDeploymentPostprocessing = 0;
		};
/* End PBXCopyFilesBuildPhase section */

/* Begin PBXFileReference section */
		AEBB2EA225D35267000A9127 /* AppDelegate.swift */ = {isa = PBXFileReference; fileEncoding = 4; lastKnownFileType = sourcecode.swift; name = AppDelegate.swift; path = ../../Shared/AppDelegate.swift; sourceTree = "<group>"; };
		AEE669ED29D6F7A80027981F /* SwiftUIWrappers.swift */ = {isa = PBXFileReference; lastKnownFileType = sourcecode.swift; path = SwiftUIWrappers.swift; sourceTree = "<group>"; };
		AF43A5862978061A0026F090 /* MainFlowController.swift */ = {isa = PBXFileReference; lastKnownFileType = sourcecode.swift; name = MainFlowController.swift; path = ../../Shared/MainFlowController.swift; sourceTree = "<group>"; };
		AF43A5882978065C0026F090 /* MainViewController.swift */ = {isa = PBXFileReference; lastKnownFileType = sourcecode.swift; name = MainViewController.swift; path = ../Shared/MainVC/MainViewController.swift; sourceTree = "<group>"; };
		AF43A5892978065C0026F090 /* MainViewModel.swift */ = {isa = PBXFileReference; lastKnownFileType = sourcecode.swift; name = MainViewModel.swift; path = ../Shared/MainVC/MainViewModel.swift; sourceTree = "<group>"; };
		AF43A58A2978065C0026F090 /* UIViewController.swift */ = {isa = PBXFileReference; lastKnownFileType = sourcecode.swift; path = UIViewController.swift; sourceTree = "<group>"; };
		AF43A58B2978065C0026F090 /* MainView.swift */ = {isa = PBXFileReference; lastKnownFileType = sourcecode.swift; name = MainView.swift; path = ../Shared/MainVC/MainView.swift; sourceTree = "<group>"; };
		AF43A58C2978065C0026F090 /* StorytellerMainDelegate.swift */ = {isa = PBXFileReference; lastKnownFileType = sourcecode.swift; name = StorytellerMainDelegate.swift; path = ../Shared/Managers/StorytellerMainDelegate.swift; sourceTree = "<group>"; };
		AF43A58D2978065C0026F090 /* StorytellerManager.swift */ = {isa = PBXFileReference; lastKnownFileType = sourcecode.swift; name = StorytellerManager.swift; path = ../Shared/Managers/StorytellerManager.swift; sourceTree = "<group>"; };
		AF43A58F2978065C0026F090 /* StorytellerListDelegate.swift */ = {isa = PBXFileReference; lastKnownFileType = sourcecode.swift; name = StorytellerListDelegate.swift; path = ../Shared/Managers/StorytellerListDelegate.swift; sourceTree = "<group>"; };
		AF5BBF0D297A891600BD433E /* SwiftUIView.swift */ = {isa = PBXFileReference; lastKnownFileType = sourcecode.swift; path = SwiftUIView.swift; sourceTree = "<group>"; };
		AF5BBF3A2982D2A500BD433E /* ClipsGridCell.swift */ = {isa = PBXFileReference; lastKnownFileType = sourcecode.swift; name = ClipsGridCell.swift; path = ../Shared/MultipleLists/TableView/ClipsGridCell.swift; sourceTree = "<group>"; };
		AF5BBF3B2982D2A500BD433E /* StoriesGridCell.swift */ = {isa = PBXFileReference; lastKnownFileType = sourcecode.swift; name = StoriesGridCell.swift; path = ../Shared/MultipleLists/TableView/StoriesGridCell.swift; sourceTree = "<group>"; };
		AF5BBF3C2982D2A600BD433E /* ClipsRowCell.swift */ = {isa = PBXFileReference; lastKnownFileType = sourcecode.swift; name = ClipsRowCell.swift; path = ../Shared/MultipleLists/TableView/ClipsRowCell.swift; sourceTree = "<group>"; };
		AF5BBF3D2982D2A600BD433E /* StoriesRowCell.swift */ = {isa = PBXFileReference; lastKnownFileType = sourcecode.swift; name = StoriesRowCell.swift; path = ../Shared/MultipleLists/TableView/StoriesRowCell.swift; sourceTree = "<group>"; };
		AF5BBF3E2982D2A600BD433E /* MultipleListsDataSource.swift */ = {isa = PBXFileReference; lastKnownFileType = sourcecode.swift; name = MultipleListsDataSource.swift; path = ../Shared/MultipleLists/TableView/MultipleListsDataSource.swift; sourceTree = "<group>"; };
		AF5BBF3F2982D2A600BD433E /* LabelCell.swift */ = {isa = PBXFileReference; lastKnownFileType = sourcecode.swift; name = LabelCell.swift; path = ../Shared/MultipleLists/TableView/LabelCell.swift; sourceTree = "<group>"; };
		AF5BBF482982D2D400BD433E /* MultipleListsView.swift */ = {isa = PBXFileReference; lastKnownFileType = sourcecode.swift; name = MultipleListsView.swift; path = ../Shared/MultipleLists/MultipleListsView.swift; sourceTree = "<group>"; };
		AF5BBF492982D2D400BD433E /* MultipleListsViewController.swift */ = {isa = PBXFileReference; lastKnownFileType = sourcecode.swift; name = MultipleListsViewController.swift; path = ../Shared/MultipleLists/MultipleListsViewController.swift; sourceTree = "<group>"; };
		AF5BBF4A2982D2D400BD433E /* MultipleListsViewModel.swift */ = {isa = PBXFileReference; lastKnownFileType = sourcecode.swift; name = MultipleListsViewModel.swift; path = ../Shared/MultipleLists/MultipleListsViewModel.swift; sourceTree = "<group>"; };
		AF5BBF4F2982D35900BD433E /* Base */ = {isa = PBXFileReference; lastKnownFileType = file.storyboard; name = Base; path = ../Shared/StoryboardExample/Base.lproj/StoryboardExample.storyboard; sourceTree = "<group>"; };
		AF5BBF512982D37500BD433E /* UIView.swift */ = {isa = PBXFileReference; lastKnownFileType = sourcecode.swift; path = UIView.swift; sourceTree = "<group>"; };
		AF5BBF522982D37500BD433E /* UITableView.swift */ = {isa = PBXFileReference; lastKnownFileType = sourcecode.swift; path = UITableView.swift; sourceTree = "<group>"; };
		AF5BBF552982D3B200BD433E /* StoryboardViewController.swift */ = {isa = PBXFileReference; lastKnownFileType = sourcecode.swift; name = StoryboardViewController.swift; path = ../Shared/StoryboardExample/StoryboardViewController.swift; sourceTree = "<group>"; };
		AF82186929953F5500DE31BE /* NativeAdsRequest.swift */ = {isa = PBXFileReference; fileEncoding = 4; lastKnownFileType = sourcecode.swift; name = NativeAdsRequest.swift; path = ../Shared/Ads/NativeAdsRequest.swift; sourceTree = "<group>"; };
		AF82186A29953F5500DE31BE /* Constants.swift */ = {isa = PBXFileReference; fileEncoding = 4; lastKnownFileType = sourcecode.swift; name = Constants.swift; path = ../Shared/Ads/Constants.swift; sourceTree = "<group>"; };
		AF82186B29953F5500DE31BE /* AdManager.swift */ = {isa = PBXFileReference; fileEncoding = 4; lastKnownFileType = sourcecode.swift; name = AdManager.swift; path = ../Shared/Ads/AdManager.swift; sourceTree = "<group>"; };
		AF82186C29953F5500DE31BE /* StorytellerAdsDelegate.swift */ = {isa = PBXFileReference; fileEncoding = 4; lastKnownFileType = sourcecode.swift; name = StorytellerAdsDelegate.swift; path = ../Shared/Ads/StorytellerAdsDelegate.swift; sourceTree = "<group>"; };
		AF82186D29953F5500DE31BE /* TrackingManager.swift */ = {isa = PBXFileReference; fileEncoding = 4; lastKnownFileType = sourcecode.swift; name = TrackingManager.swift; path = ../Shared/Ads/TrackingManager.swift; sourceTree = "<group>"; };
		B8E4427123F2E32E0093A423 /* StorytellerSampleApp.app */ = {isa = PBXFileReference; explicitFileType = wrapper.application; includeInIndex = 0; path = StorytellerSampleApp.app; sourceTree = BUILT_PRODUCTS_DIR; };
		B8E4427D23F2E32E0093A423 /* Assets.xcassets */ = {isa = PBXFileReference; lastKnownFileType = folder.assetcatalog; name = Assets.xcassets; path = ../../Shared/Assets.xcassets; sourceTree = "<group>"; };
		B8E4428023F2E32E0093A423 /* Base */ = {isa = PBXFileReference; lastKnownFileType = file.storyboard; name = Base; path = Base.lproj/LaunchScreen.storyboard; sourceTree = "<group>"; };
		B8E4428223F2E32E0093A423 /* Info.plist */ = {isa = PBXFileReference; lastKnownFileType = text.plist.xml; path = Info.plist; sourceTree = "<group>"; };
		DC4A8CF329C9E93900DE026D /* StorytellerThemes.swift */ = {isa = PBXFileReference; fileEncoding = 4; lastKnownFileType = sourcecode.swift; path = StorytellerThemes.swift; sourceTree = "<group>"; };
/* End PBXFileReference section */

/* Begin PBXFrameworksBuildPhase section */
		B8E4426E23F2E32E0093A423 /* Frameworks */ = {
			isa = PBXFrameworksBuildPhase;
			buildActionMask = 2147483647;
			files = (
				AF8218762995408900DE31BE /* GoogleMobileAds in Frameworks */,
				4EFA6447281ADCF600CE43FD /* StorytellerSDK in Frameworks */,
			);
			runOnlyForDeploymentPostprocessing = 0;
		};
/* End PBXFrameworksBuildPhase section */

/* Begin PBXGroup section */
		AF43A5982978078B0026F090 /* Extension */ = {
			isa = PBXGroup;
			children = (
				AF5BBF522982D37500BD433E /* UITableView.swift */,
				AF5BBF512982D37500BD433E /* UIView.swift */,
				AF43A58A2978065C0026F090 /* UIViewController.swift */,
			);
			name = Extension;
			path = ../../Shared/Extension;
			sourceTree = "<group>";
		};
		AF43A599297807B70026F090 /* Managers */ = {
			isa = PBXGroup;
			children = (
				AF43A58D2978065C0026F090 /* StorytellerManager.swift */,
				AF43A58F2978065C0026F090 /* StorytellerListDelegate.swift */,
				AF43A58C2978065C0026F090 /* StorytellerMainDelegate.swift */,
			);
			name = Managers;
			path = ..;
			sourceTree = "<group>";
		};
		AF43A59B297807DA0026F090 /* MainViewController */ = {
			isa = PBXGroup;
			children = (
				AF43A58B2978065C0026F090 /* MainView.swift */,
				AF43A5882978065C0026F090 /* MainViewController.swift */,
				AF43A5892978065C0026F090 /* MainViewModel.swift */,
			);
			name = MainViewController;
			path = ..;
			sourceTree = "<group>";
		};
		AF5BBF11297A896F00BD433E /* SwiftUI */ = {
			isa = PBXGroup;
			children = (
				AF5BBF0D297A891600BD433E /* SwiftUIView.swift */,
				AEE669ED29D6F7A80027981F /* SwiftUIWrappers.swift */,
			);
			name = SwiftUI;
			path = ../../Shared/SwiftUI;
			sourceTree = "<group>";
		};
		AF5BBF472982D2AF00BD433E /* TableView */ = {
			isa = PBXGroup;
			children = (
				AF5BBF3F2982D2A600BD433E /* LabelCell.swift */,
				AF5BBF3E2982D2A600BD433E /* MultipleListsDataSource.swift */,
				AF5BBF3B2982D2A500BD433E /* StoriesGridCell.swift */,
				AF5BBF3D2982D2A600BD433E /* StoriesRowCell.swift */,
				AF5BBF3A2982D2A500BD433E /* ClipsGridCell.swift */,
				AF5BBF3C2982D2A600BD433E /* ClipsRowCell.swift */,
			);
			name = TableView;
			sourceTree = "<group>";
		};
		AF5BBF4D2982D2DB00BD433E /* MultipleLists */ = {
			isa = PBXGroup;
			children = (
				AF5BBF4A2982D2D400BD433E /* MultipleListsViewModel.swift */,
				AF5BBF472982D2AF00BD433E /* TableView */,
				AF5BBF482982D2D400BD433E /* MultipleListsView.swift */,
				AF5BBF492982D2D400BD433E /* MultipleListsViewController.swift */,
			);
			name = MultipleLists;
			path = ..;
			sourceTree = "<group>";
		};
		AF5BBF572982D3B700BD433E /* StoryboardExample */ = {
			isa = PBXGroup;
			children = (
				AF5BBF552982D3B200BD433E /* StoryboardViewController.swift */,
			);
			name = StoryboardExample;
			path = ..;
			sourceTree = "<group>";
		};
		AF82187329953F5B00DE31BE /* Ads */ = {
			isa = PBXGroup;
			children = (
				AF82186B29953F5500DE31BE /* AdManager.swift */,
				AF82186A29953F5500DE31BE /* Constants.swift */,
				AF82186929953F5500DE31BE /* NativeAdsRequest.swift */,
				AF82186C29953F5500DE31BE /* StorytellerAdsDelegate.swift */,
				AF82186D29953F5500DE31BE /* TrackingManager.swift */,
			);
			name = Ads;
			path = ..;
			sourceTree = "<group>";
		};
		B871CF7323F6D48E00FAF2B3 /* Frameworks */ = {
			isa = PBXGroup;
			children = (
			);
			name = Frameworks;
			sourceTree = "<group>";
		};
		B8E4426823F2E32D0093A423 = {
			isa = PBXGroup;
			children = (
				AF5BBF4E2982D35900BD433E /* StoryboardExample.storyboard */,
				B8E4427323F2E32E0093A423 /* StorytellerSampleApp */,
				B8E4427223F2E32E0093A423 /* Products */,
				B871CF7323F6D48E00FAF2B3 /* Frameworks */,
			);
			sourceTree = "<group>";
		};
		B8E4427223F2E32E0093A423 /* Products */ = {
			isa = PBXGroup;
			children = (
				B8E4427123F2E32E0093A423 /* StorytellerSampleApp.app */,
			);
			name = Products;
			sourceTree = "<group>";
		};
		B8E4427323F2E32E0093A423 /* StorytellerSampleApp */ = {
			isa = PBXGroup;
			children = (
				DC4A8CF229C9E93900DE026D /* Themes */,
				AF82187329953F5B00DE31BE /* Ads */,
				AF5BBF572982D3B700BD433E /* StoryboardExample */,
				AF5BBF4D2982D2DB00BD433E /* MultipleLists */,
				AF43A599297807B70026F090 /* Managers */,
				AF43A5982978078B0026F090 /* Extension */,
				AEBB2EA225D35267000A9127 /* AppDelegate.swift */,
				AF5BBF11297A896F00BD433E /* SwiftUI */,
				AF43A5862978061A0026F090 /* MainFlowController.swift */,
				AF43A59B297807DA0026F090 /* MainViewController */,
				B8E4427D23F2E32E0093A423 /* Assets.xcassets */,
				B8E4427F23F2E32E0093A423 /* LaunchScreen.storyboard */,
				B8E4428223F2E32E0093A423 /* Info.plist */,
			);
			path = StorytellerSampleApp;
			sourceTree = "<group>";
		};
		DC4A8CF229C9E93900DE026D /* Themes */ = {
			isa = PBXGroup;
			children = (
				DC4A8CF329C9E93900DE026D /* StorytellerThemes.swift */,
			);
			name = Themes;
			path = ../../Shared/Themes;
			sourceTree = "<group>";
		};
/* End PBXGroup section */

/* Begin PBXNativeTarget section */
		B8E4427023F2E32E0093A423 /* StorytellerSampleApp */ = {
			isa = PBXNativeTarget;
			buildConfigurationList = B8E4428523F2E32E0093A423 /* Build configuration list for PBXNativeTarget "StorytellerSampleApp" */;
			buildPhases = (
				B8E4426D23F2E32E0093A423 /* Sources */,
				B8E4426E23F2E32E0093A423 /* Frameworks */,
				B8E4426F23F2E32E0093A423 /* Resources */,
				AE3D832B247677D40020801C /* Embed Frameworks */,
			);
			buildRules = (
			);
			dependencies = (
			);
			name = StorytellerSampleApp;
			packageProductDependencies = (
				4EFA6446281ADCF600CE43FD /* StorytellerSDK */,
				AF8218752995408900DE31BE /* GoogleMobileAds */,
			);
			productName = StorytellerSampleApp;
			productReference = B8E4427123F2E32E0093A423 /* StorytellerSampleApp.app */;
			productType = "com.apple.product-type.application";
		};
/* End PBXNativeTarget section */

/* Begin PBXProject section */
		B8E4426923F2E32D0093A423 /* Project object */ = {
			isa = PBXProject;
			attributes = {
				LastSwiftUpdateCheck = 1130;
				LastUpgradeCheck = 1130;
				ORGANIZATIONNAME = "Storm Ideas";
				TargetAttributes = {
					B8E4427023F2E32E0093A423 = {
						CreatedOnToolsVersion = 11.3.1;
						LastSwiftMigration = 1240;
					};
				};
			};
			buildConfigurationList = B8E4426C23F2E32D0093A423 /* Build configuration list for PBXProject "StorytellerSampleApp" */;
			compatibilityVersion = "Xcode 9.3";
			developmentRegion = en;
			hasScannedForEncodings = 0;
			knownRegions = (
				en,
				Base,
			);
			mainGroup = B8E4426823F2E32D0093A423;
			packageReferences = (
				4EFA6445281ADCF600CE43FD /* XCRemoteSwiftPackageReference "storyteller-sdk-swift-package" */,
				AF8218742995408900DE31BE /* XCRemoteSwiftPackageReference "swift-package-manager-google-mobile-ads" */,
			);
			productRefGroup = B8E4427223F2E32E0093A423 /* Products */;
			projectDirPath = "";
			projectRoot = "";
			targets = (
				B8E4427023F2E32E0093A423 /* StorytellerSampleApp */,
			);
		};
/* End PBXProject section */

/* Begin PBXResourcesBuildPhase section */
		B8E4426F23F2E32E0093A423 /* Resources */ = {
			isa = PBXResourcesBuildPhase;
			buildActionMask = 2147483647;
			files = (
				AF5BBF502982D35900BD433E /* StoryboardExample.storyboard in Resources */,
				B8E4428123F2E32E0093A423 /* LaunchScreen.storyboard in Resources */,
				B8E4427E23F2E32E0093A423 /* Assets.xcassets in Resources */,
			);
			runOnlyForDeploymentPostprocessing = 0;
		};
/* End PBXResourcesBuildPhase section */

/* Begin PBXSourcesBuildPhase section */
		B8E4426D23F2E32E0093A423 /* Sources */ = {
			isa = PBXSourcesBuildPhase;
			buildActionMask = 2147483647;
			files = (
				DC4A8CF429C9E93900DE026D /* StorytellerThemes.swift in Sources */,
				AF5BBF562982D3B200BD433E /* StoryboardViewController.swift in Sources */,
				AF5BBF532982D37500BD433E /* UIView.swift in Sources */,
				AF5BBF542982D37500BD433E /* UITableView.swift in Sources */,
				AF5BBF4B2982D2D400BD433E /* MultipleListsView.swift in Sources */,
				AF5BBF4C2982D2D400BD433E /* MultipleListsViewModel.swift in Sources */,
				AF5BBF412982D2A600BD433E /* ClipsGridCell.swift in Sources */,
				AF82187129953F5500DE31BE /* StorytellerAdsDelegate.swift in Sources */,
				AF82186F29953F5500DE31BE /* Constants.swift in Sources */,
				AF5BBF422982D2A600BD433E /* StoriesGridCell.swift in Sources */,
				AF82187029953F5500DE31BE /* AdManager.swift in Sources */,
				AF5BBF432982D2A600BD433E /* ClipsRowCell.swift in Sources */,
				AEE669EE29D6F7A80027981F /* SwiftUIWrappers.swift in Sources */,
				AF5BBF442982D2A600BD433E /* StoriesRowCell.swift in Sources */,
				AF5BBF452982D2A600BD433E /* MultipleListsDataSource.swift in Sources */,
				AF5BBF462982D2A600BD433E /* LabelCell.swift in Sources */,
				AF43A5902978065C0026F090 /* MainViewController.swift in Sources */,
				AF43A5912978065C0026F090 /* MainViewModel.swift in Sources */,
				AF5BBF10297A896A00BD433E /* SwiftUIView.swift in Sources */,
				AF43A5922978065C0026F090 /* UIViewController.swift in Sources */,
				AF43A5932978065C0026F090 /* MainView.swift in Sources */,
				AF5BBF582982D3D200BD433E /* MultipleListsViewController.swift in Sources */,
				AF82186E29953F5500DE31BE /* NativeAdsRequest.swift in Sources */,
				AF82187229953F5500DE31BE /* TrackingManager.swift in Sources */,
				AF43A5942978065C0026F090 /* StorytellerMainDelegate.swift in Sources */,
				AF43A5952978065C0026F090 /* StorytellerManager.swift in Sources */,
				AF43A5972978065C0026F090 /* StorytellerListDelegate.swift in Sources */,
				AF43A5872978061A0026F090 /* MainFlowController.swift in Sources */,
				AEBB2EA425D35267000A9127 /* AppDelegate.swift in Sources */,
			);
			runOnlyForDeploymentPostprocessing = 0;
		};
/* End PBXSourcesBuildPhase section */

/* Begin PBXVariantGroup section */
		AF5BBF4E2982D35900BD433E /* StoryboardExample.storyboard */ = {
			isa = PBXVariantGroup;
			children = (
				AF5BBF4F2982D35900BD433E /* Base */,
			);
			name = StoryboardExample.storyboard;
			sourceTree = "<group>";
		};
		B8E4427F23F2E32E0093A423 /* LaunchScreen.storyboard */ = {
			isa = PBXVariantGroup;
			children = (
				B8E4428023F2E32E0093A423 /* Base */,
			);
			name = LaunchScreen.storyboard;
			path = ../../Shared;
			sourceTree = "<group>";
		};
/* End PBXVariantGroup section */

/* Begin XCBuildConfiguration section */
		B8E4428323F2E32E0093A423 /* Debug */ = {
			isa = XCBuildConfiguration;
			buildSettings = {
				ALWAYS_SEARCH_USER_PATHS = NO;
				CLANG_ANALYZER_NONNULL = YES;
				CLANG_ANALYZER_NUMBER_OBJECT_CONVERSION = YES_AGGRESSIVE;
				CLANG_CXX_LANGUAGE_STANDARD = "gnu++14";
				CLANG_CXX_LIBRARY = "libc++";
				CLANG_ENABLE_MODULES = YES;
				CLANG_ENABLE_OBJC_ARC = YES;
				CLANG_ENABLE_OBJC_WEAK = YES;
				CLANG_WARN_BLOCK_CAPTURE_AUTORELEASING = YES;
				CLANG_WARN_BOOL_CONVERSION = YES;
				CLANG_WARN_COMMA = YES;
				CLANG_WARN_CONSTANT_CONVERSION = YES;
				CLANG_WARN_DEPRECATED_OBJC_IMPLEMENTATIONS = YES;
				CLANG_WARN_DIRECT_OBJC_ISA_USAGE = YES_ERROR;
				CLANG_WARN_DOCUMENTATION_COMMENTS = YES;
				CLANG_WARN_EMPTY_BODY = YES;
				CLANG_WARN_ENUM_CONVERSION = YES;
				CLANG_WARN_INFINITE_RECURSION = YES;
				CLANG_WARN_INT_CONVERSION = YES;
				CLANG_WARN_NON_LITERAL_NULL_CONVERSION = YES;
				CLANG_WARN_OBJC_IMPLICIT_RETAIN_SELF = YES;
				CLANG_WARN_OBJC_LITERAL_CONVERSION = YES;
				CLANG_WARN_OBJC_ROOT_CLASS = YES_ERROR;
				CLANG_WARN_RANGE_LOOP_ANALYSIS = YES;
				CLANG_WARN_STRICT_PROTOTYPES = YES;
				CLANG_WARN_SUSPICIOUS_MOVE = YES;
				CLANG_WARN_UNGUARDED_AVAILABILITY = YES_AGGRESSIVE;
				CLANG_WARN_UNREACHABLE_CODE = YES;
				CLANG_WARN__DUPLICATE_METHOD_MATCH = YES;
				COPY_PHASE_STRIP = NO;
				DEBUG_INFORMATION_FORMAT = dwarf;
				ENABLE_STRICT_OBJC_MSGSEND = YES;
				ENABLE_TESTABILITY = YES;
				GCC_C_LANGUAGE_STANDARD = gnu11;
				GCC_DYNAMIC_NO_PIC = NO;
				GCC_NO_COMMON_BLOCKS = YES;
				GCC_OPTIMIZATION_LEVEL = 0;
				GCC_PREPROCESSOR_DEFINITIONS = (
					"DEBUG=1",
					"$(inherited)",
				);
				GCC_WARN_64_TO_32_BIT_CONVERSION = YES;
				GCC_WARN_ABOUT_RETURN_TYPE = YES_ERROR;
				GCC_WARN_UNDECLARED_SELECTOR = YES;
				GCC_WARN_UNINITIALIZED_AUTOS = YES_AGGRESSIVE;
				GCC_WARN_UNUSED_FUNCTION = YES;
				GCC_WARN_UNUSED_VARIABLE = YES;
				IPHONEOS_DEPLOYMENT_TARGET = 9.0;
				MTL_ENABLE_DEBUG_INFO = INCLUDE_SOURCE;
				MTL_FAST_MATH = YES;
				ONLY_ACTIVE_ARCH = YES;
				SDKROOT = iphoneos;
				SWIFT_ACTIVE_COMPILATION_CONDITIONS = DEBUG;
				SWIFT_OPTIMIZATION_LEVEL = "-Onone";
			};
			name = Debug;
		};
		B8E4428423F2E32E0093A423 /* Release */ = {
			isa = XCBuildConfiguration;
			buildSettings = {
				ALWAYS_SEARCH_USER_PATHS = NO;
				CLANG_ANALYZER_NONNULL = YES;
				CLANG_ANALYZER_NUMBER_OBJECT_CONVERSION = YES_AGGRESSIVE;
				CLANG_CXX_LANGUAGE_STANDARD = "gnu++14";
				CLANG_CXX_LIBRARY = "libc++";
				CLANG_ENABLE_MODULES = YES;
				CLANG_ENABLE_OBJC_ARC = YES;
				CLANG_ENABLE_OBJC_WEAK = YES;
				CLANG_WARN_BLOCK_CAPTURE_AUTORELEASING = YES;
				CLANG_WARN_BOOL_CONVERSION = YES;
				CLANG_WARN_COMMA = YES;
				CLANG_WARN_CONSTANT_CONVERSION = YES;
				CLANG_WARN_DEPRECATED_OBJC_IMPLEMENTATIONS = YES;
				CLANG_WARN_DIRECT_OBJC_ISA_USAGE = YES_ERROR;
				CLANG_WARN_DOCUMENTATION_COMMENTS = YES;
				CLANG_WARN_EMPTY_BODY = YES;
				CLANG_WARN_ENUM_CONVERSION = YES;
				CLANG_WARN_INFINITE_RECURSION = YES;
				CLANG_WARN_INT_CONVERSION = YES;
				CLANG_WARN_NON_LITERAL_NULL_CONVERSION = YES;
				CLANG_WARN_OBJC_IMPLICIT_RETAIN_SELF = YES;
				CLANG_WARN_OBJC_LITERAL_CONVERSION = YES;
				CLANG_WARN_OBJC_ROOT_CLASS = YES_ERROR;
				CLANG_WARN_RANGE_LOOP_ANALYSIS = YES;
				CLANG_WARN_STRICT_PROTOTYPES = YES;
				CLANG_WARN_SUSPICIOUS_MOVE = YES;
				CLANG_WARN_UNGUARDED_AVAILABILITY = YES_AGGRESSIVE;
				CLANG_WARN_UNREACHABLE_CODE = YES;
				CLANG_WARN__DUPLICATE_METHOD_MATCH = YES;
				COPY_PHASE_STRIP = NO;
				DEBUG_INFORMATION_FORMAT = "dwarf-with-dsym";
				ENABLE_NS_ASSERTIONS = NO;
				ENABLE_STRICT_OBJC_MSGSEND = YES;
				GCC_C_LANGUAGE_STANDARD = gnu11;
				GCC_NO_COMMON_BLOCKS = YES;
				GCC_WARN_64_TO_32_BIT_CONVERSION = YES;
				GCC_WARN_ABOUT_RETURN_TYPE = YES_ERROR;
				GCC_WARN_UNDECLARED_SELECTOR = YES;
				GCC_WARN_UNINITIALIZED_AUTOS = YES_AGGRESSIVE;
				GCC_WARN_UNUSED_FUNCTION = YES;
				GCC_WARN_UNUSED_VARIABLE = YES;
				IPHONEOS_DEPLOYMENT_TARGET = 9.0;
				MTL_ENABLE_DEBUG_INFO = NO;
				MTL_FAST_MATH = YES;
				SDKROOT = iphoneos;
				SWIFT_COMPILATION_MODE = wholemodule;
				SWIFT_OPTIMIZATION_LEVEL = "-O";
				VALIDATE_PRODUCT = YES;
			};
			name = Release;
		};
		B8E4428623F2E32E0093A423 /* Debug */ = {
			isa = XCBuildConfiguration;
			buildSettings = {
				ASSETCATALOG_COMPILER_APPICON_NAME = AppIcon;
				CLANG_ENABLE_MODULES = YES;
				CODE_SIGN_STYLE = Automatic;
				DEVELOPMENT_TEAM = BVDW6P765R;
				FRAMEWORK_SEARCH_PATHS = (
					"$(inherited)",
					"$(PROJECT_DIR)/Carthage/Build/iOS",
				);
				INFOPLIST_FILE = StorytellerSampleApp/Info.plist;
				IPHONEOS_DEPLOYMENT_TARGET = 15.0;
				LD_RUNPATH_SEARCH_PATHS = (
					"$(inherited)",
					"@executable_path/Frameworks",
				);
				OTHER_LDFLAGS = "-ObjC";
				PRODUCT_BUNDLE_IDENTIFIER = com.stormideas.StorytellerSampleApp;
				PRODUCT_NAME = StorytellerSampleApp;
				SWIFT_OPTIMIZATION_LEVEL = "-Onone";
				SWIFT_VERSION = 5.0;
				TARGETED_DEVICE_FAMILY = "1,2";
			};
			name = Debug;
		};
		B8E4428723F2E32E0093A423 /* Release */ = {
			isa = XCBuildConfiguration;
			buildSettings = {
				ASSETCATALOG_COMPILER_APPICON_NAME = AppIcon;
				CLANG_ENABLE_MODULES = YES;
				CODE_SIGN_STYLE = Automatic;
				DEVELOPMENT_TEAM = BVDW6P765R;
				FRAMEWORK_SEARCH_PATHS = (
					"$(inherited)",
					"$(PROJECT_DIR)/Carthage/Build/iOS",
				);
				INFOPLIST_FILE = StorytellerSampleApp/Info.plist;
				IPHONEOS_DEPLOYMENT_TARGET = 15.0;
				LD_RUNPATH_SEARCH_PATHS = (
					"$(inherited)",
					"@executable_path/Frameworks",
				);
				OTHER_LDFLAGS = "-ObjC";
				PRODUCT_BUNDLE_IDENTIFIER = com.stormideas.StorytellerSampleApp;
				PRODUCT_NAME = StorytellerSampleApp;
				SWIFT_VERSION = 5.0;
				TARGETED_DEVICE_FAMILY = "1,2";
			};
			name = Release;
		};
/* End XCBuildConfiguration section */

/* Begin XCConfigurationList section */
		B8E4426C23F2E32D0093A423 /* Build configuration list for PBXProject "StorytellerSampleApp" */ = {
			isa = XCConfigurationList;
			buildConfigurations = (
				B8E4428323F2E32E0093A423 /* Debug */,
				B8E4428423F2E32E0093A423 /* Release */,
			);
			defaultConfigurationIsVisible = 0;
			defaultConfigurationName = Release;
		};
		B8E4428523F2E32E0093A423 /* Build configuration list for PBXNativeTarget "StorytellerSampleApp" */ = {
			isa = XCConfigurationList;
			buildConfigurations = (
				B8E4428623F2E32E0093A423 /* Debug */,
				B8E4428723F2E32E0093A423 /* Release */,
			);
			defaultConfigurationIsVisible = 0;
			defaultConfigurationName = Release;
		};
/* End XCConfigurationList section */

/* Begin XCRemoteSwiftPackageReference section */
		4EFA6445281ADCF600CE43FD /* XCRemoteSwiftPackageReference "storyteller-sdk-swift-package" */ = {
			isa = XCRemoteSwiftPackageReference;
			repositoryURL = "https://github.com/getstoryteller/storyteller-sdk-swift-package";
			requirement = {
				kind = upToNextMajorVersion;
				minimumVersion = 9.0.0;
			};
		};
		AF8218742995408900DE31BE /* XCRemoteSwiftPackageReference "swift-package-manager-google-mobile-ads" */ = {
			isa = XCRemoteSwiftPackageReference;
			repositoryURL = "https://github.com/googleads/swift-package-manager-google-mobile-ads";
			requirement = {
				kind = upToNextMajorVersion;
				minimumVersion = 10.0.0;
			};
		};
/* End XCRemoteSwiftPackageReference section */

/* Begin XCSwiftPackageProductDependency section */
		4EFA6446281ADCF600CE43FD /* StorytellerSDK */ = {
			isa = XCSwiftPackageProductDependency;
			package = 4EFA6445281ADCF600CE43FD /* XCRemoteSwiftPackageReference "storyteller-sdk-swift-package" */;
			productName = StorytellerSDK;
		};
		AF8218752995408900DE31BE /* GoogleMobileAds */ = {
			isa = XCSwiftPackageProductDependency;
			package = AF8218742995408900DE31BE /* XCRemoteSwiftPackageReference "swift-package-manager-google-mobile-ads" */;
			productName = GoogleMobileAds;
		};
/* End XCSwiftPackageProductDependency section */
	};
	rootObject = B8E4426923F2E32D0093A423 /* Project object */;
}
